// !$*UTF8*$!
{
	archiveVersion = 1;
	classes = {
	};
	objectVersion = 50;
	objects = {

/* Begin PBXBuildFile section */
		5BA92C5A2172215B0075A314 /* AppDelegate.swift in Sources */ = {isa = PBXBuildFile; fileRef = 5BA92C592172215B0075A314 /* AppDelegate.swift */; };
		5BA92C5C2172215B0075A314 /* HomeViewController.swift in Sources */ = {isa = PBXBuildFile; fileRef = 5BA92C5B2172215B0075A314 /* HomeViewController.swift */; };
		5BA92C5F2172215B0075A314 /* Home.storyboard in Resources */ = {isa = PBXBuildFile; fileRef = 5BA92C5D2172215B0075A314 /* Home.storyboard */; };
		5BA92C61217221620075A314 /* Assets.xcassets in Resources */ = {isa = PBXBuildFile; fileRef = 5BA92C60217221620075A314 /* Assets.xcassets */; };
		5BA92C64217221620075A314 /* LaunchScreen.storyboard in Resources */ = {isa = PBXBuildFile; fileRef = 5BA92C62217221620075A314 /* LaunchScreen.storyboard */; };
		5BA92C6F217221620075A314 /* SakunomiTests.swift in Sources */ = {isa = PBXBuildFile; fileRef = 5BA92C6E217221620075A314 /* SakunomiTests.swift */; };
		5BA92C7C217240E10075A314 /* SignIn.storyboard in Resources */ = {isa = PBXBuildFile; fileRef = 5BA92C7B217240E10075A314 /* SignIn.storyboard */; };
		5BA92C7E2172411D0075A314 /* SignUp.storyboard in Resources */ = {isa = PBXBuildFile; fileRef = 5BA92C7D2172411D0075A314 /* SignUp.storyboard */; };
		5BA92C802172413E0075A314 /* SignInViewController.swift in Sources */ = {isa = PBXBuildFile; fileRef = 5BA92C7F2172413E0075A314 /* SignInViewController.swift */; };
		5BA92C82217241500075A314 /* SignUpViewController.swift in Sources */ = {isa = PBXBuildFile; fileRef = 5BA92C81217241500075A314 /* SignUpViewController.swift */; };
/* End PBXBuildFile section */

/* Begin PBXContainerItemProxy section */
		5BA92C6B217221620075A314 /* PBXContainerItemProxy */ = {
			isa = PBXContainerItemProxy;
			containerPortal = 5BA92C4E2172215A0075A314 /* Project object */;
			proxyType = 1;
			remoteGlobalIDString = 5BA92C552172215A0075A314;
			remoteInfo = Sakunomi;
		};
/* End PBXContainerItemProxy section */

/* Begin PBXFileReference section */
		5BA92C562172215B0075A314 /* Sakunomi.app */ = {isa = PBXFileReference; explicitFileType = wrapper.application; includeInIndex = 0; path = Sakunomi.app; sourceTree = BUILT_PRODUCTS_DIR; };
		5BA92C592172215B0075A314 /* AppDelegate.swift */ = {isa = PBXFileReference; lastKnownFileType = sourcecode.swift; path = AppDelegate.swift; sourceTree = "<group>"; };
		5BA92C5B2172215B0075A314 /* HomeViewController.swift */ = {isa = PBXFileReference; lastKnownFileType = sourcecode.swift; path = HomeViewController.swift; sourceTree = "<group>"; };
		5BA92C5E2172215B0075A314 /* Base */ = {isa = PBXFileReference; lastKnownFileType = file.storyboard; name = Base; path = Base.lproj/Main.storyboard; sourceTree = "<group>"; };
		5BA92C60217221620075A314 /* Assets.xcassets */ = {isa = PBXFileReference; lastKnownFileType = folder.assetcatalog; path = Assets.xcassets; sourceTree = "<group>"; };
		5BA92C63217221620075A314 /* Base */ = {isa = PBXFileReference; lastKnownFileType = file.storyboard; name = Base; path = Base.lproj/LaunchScreen.storyboard; sourceTree = "<group>"; };
		5BA92C65217221620075A314 /* Info.plist */ = {isa = PBXFileReference; lastKnownFileType = text.plist.xml; path = Info.plist; sourceTree = "<group>"; };
		5BA92C6A217221620075A314 /* SakunomiTests.xctest */ = {isa = PBXFileReference; explicitFileType = wrapper.cfbundle; includeInIndex = 0; path = SakunomiTests.xctest; sourceTree = BUILT_PRODUCTS_DIR; };
		5BA92C6E217221620075A314 /* SakunomiTests.swift */ = {isa = PBXFileReference; lastKnownFileType = sourcecode.swift; path = SakunomiTests.swift; sourceTree = "<group>"; };
		5BA92C70217221620075A314 /* Info.plist */ = {isa = PBXFileReference; lastKnownFileType = text.plist.xml; path = Info.plist; sourceTree = "<group>"; };
		5BA92C7B217240E10075A314 /* SignIn.storyboard */ = {isa = PBXFileReference; lastKnownFileType = file.storyboard; path = SignIn.storyboard; sourceTree = "<group>"; };
		5BA92C7D2172411D0075A314 /* SignUp.storyboard */ = {isa = PBXFileReference; lastKnownFileType = file.storyboard; path = SignUp.storyboard; sourceTree = "<group>"; };
		5BA92C7F2172413E0075A314 /* SignInViewController.swift */ = {isa = PBXFileReference; lastKnownFileType = sourcecode.swift; path = SignInViewController.swift; sourceTree = "<group>"; };
		5BA92C81217241500075A314 /* SignUpViewController.swift */ = {isa = PBXFileReference; lastKnownFileType = sourcecode.swift; path = SignUpViewController.swift; sourceTree = "<group>"; };
/* End PBXFileReference section */

/* Begin PBXFrameworksBuildPhase section */
		5BA92C532172215A0075A314 /* Frameworks */ = {
			isa = PBXFrameworksBuildPhase;
			buildActionMask = 2147483647;
			files = (
			);
			runOnlyForDeploymentPostprocessing = 0;
		};
		5BA92C67217221620075A314 /* Frameworks */ = {
			isa = PBXFrameworksBuildPhase;
			buildActionMask = 2147483647;
			files = (
			);
			runOnlyForDeploymentPostprocessing = 0;
		};
/* End PBXFrameworksBuildPhase section */

/* Begin PBXGroup section */
		5BA92C4D2172215A0075A314 = {
			isa = PBXGroup;
			children = (
				5BA92C582172215B0075A314 /* Sakunomi */,
				5BA92C6D217221620075A314 /* SakunomiTests */,
				5BA92C572172215B0075A314 /* Products */,
			);
			sourceTree = "<group>";
		};
		5BA92C572172215B0075A314 /* Products */ = {
			isa = PBXGroup;
			children = (
				5BA92C562172215B0075A314 /* Sakunomi.app */,
				5BA92C6A217221620075A314 /* SakunomiTests.xctest */,
			);
			name = Products;
			sourceTree = "<group>";
		};
		5BA92C582172215B0075A314 /* Sakunomi */ = {
			isa = PBXGroup;
			children = (
				5BA92C592172215B0075A314 /* AppDelegate.swift */,
				5BA92C5B2172215B0075A314 /* HomeViewController.swift */,
				5BA92C5D2172215B0075A314 /* Home.storyboard */,
				5BA92C7B217240E10075A314 /* SignIn.storyboard */,
				5BA92C7D2172411D0075A314 /* SignUp.storyboard */,
				5BA92C7F2172413E0075A314 /* SignInViewController.swift */,
				5BA92C81217241500075A314 /* SignUpViewController.swift */,
				5BA92C60217221620075A314 /* Assets.xcassets */,
				5BA92C62217221620075A314 /* LaunchScreen.storyboard */,
				5BA92C65217221620075A314 /* Info.plist */,
			);
			path = Sakunomi;
			sourceTree = "<group>";
		};
		5BA92C6D217221620075A314 /* SakunomiTests */ = {
			isa = PBXGroup;
			children = (
				5BA92C6E217221620075A314 /* SakunomiTests.swift */,
				5BA92C70217221620075A314 /* Info.plist */,
			);
			path = SakunomiTests;
			sourceTree = "<group>";
		};
/* End PBXGroup section */

/* Begin PBXNativeTarget section */
		5BA92C552172215A0075A314 /* Sakunomi */ = {
			isa = PBXNativeTarget;
			buildConfigurationList = 5BA92C73217221620075A314 /* Build configuration list for PBXNativeTarget "Sakunomi" */;
			buildPhases = (
				5BA92C522172215A0075A314 /* Sources */,
				5BA92C532172215A0075A314 /* Frameworks */,
				5BA92C542172215A0075A314 /* Resources */,
			);
			buildRules = (
			);
			dependencies = (
			);
			name = Sakunomi;
			productName = Sakunomi;
			productReference = 5BA92C562172215B0075A314 /* Sakunomi.app */;
			productType = "com.apple.product-type.application";
		};
		5BA92C69217221620075A314 /* SakunomiTests */ = {
			isa = PBXNativeTarget;
			buildConfigurationList = 5BA92C76217221620075A314 /* Build configuration list for PBXNativeTarget "SakunomiTests" */;
			buildPhases = (
				5BA92C66217221620075A314 /* Sources */,
				5BA92C67217221620075A314 /* Frameworks */,
				5BA92C68217221620075A314 /* Resources */,
			);
			buildRules = (
			);
			dependencies = (
				5BA92C6C217221620075A314 /* PBXTargetDependency */,
			);
			name = SakunomiTests;
			productName = SakunomiTests;
			productReference = 5BA92C6A217221620075A314 /* SakunomiTests.xctest */;
			productType = "com.apple.product-type.bundle.unit-test";
		};
/* End PBXNativeTarget section */

/* Begin PBXProject section */
		5BA92C4E2172215A0075A314 /* Project object */ = {
			isa = PBXProject;
			attributes = {
				LastSwiftUpdateCheck = 0940;
				LastUpgradeCheck = 0940;
				ORGANIZATIONNAME = "Iichiro Kawashima";
				TargetAttributes = {
					5BA92C552172215A0075A314 = {
						CreatedOnToolsVersion = 9.4.1;
					};
					5BA92C69217221620075A314 = {
						CreatedOnToolsVersion = 9.4.1;
						TestTargetID = 5BA92C552172215A0075A314;
					};
				};
			};
			buildConfigurationList = 5BA92C512172215A0075A314 /* Build configuration list for PBXProject "Sakunomi" */;
			compatibilityVersion = "Xcode 9.3";
			developmentRegion = en;
			hasScannedForEncodings = 0;
			knownRegions = (
				en,
				Base,
			);
			mainGroup = 5BA92C4D2172215A0075A314;
			productRefGroup = 5BA92C572172215B0075A314 /* Products */;
			projectDirPath = "";
			projectRoot = "";
			targets = (
				5BA92C552172215A0075A314 /* Sakunomi */,
				5BA92C69217221620075A314 /* SakunomiTests */,
			);
		};
/* End PBXProject section */

/* Begin PBXResourcesBuildPhase section */
		5BA92C542172215A0075A314 /* Resources */ = {
			isa = PBXResourcesBuildPhase;
			buildActionMask = 2147483647;
			files = (
				5BA92C7C217240E10075A314 /* SignIn.storyboard in Resources */,
				5BA92C64217221620075A314 /* LaunchScreen.storyboard in Resources */,
				5BA92C61217221620075A314 /* Assets.xcassets in Resources */,
				5BA92C5F2172215B0075A314 /* Home.storyboard in Resources */,
				5BA92C7E2172411D0075A314 /* SignUp.storyboard in Resources */,
			);
			runOnlyForDeploymentPostprocessing = 0;
		};
		5BA92C68217221620075A314 /* Resources */ = {
			isa = PBXResourcesBuildPhase;
			buildActionMask = 2147483647;
			files = (
			);
			runOnlyForDeploymentPostprocessing = 0;
		};
/* End PBXResourcesBuildPhase section */

/* Begin PBXSourcesBuildPhase section */
		5BA92C522172215A0075A314 /* Sources */ = {
			isa = PBXSourcesBuildPhase;
			buildActionMask = 2147483647;
			files = (
				5BA92C5C2172215B0075A314 /* HomeViewController.swift in Sources */,
				5BA92C5A2172215B0075A314 /* AppDelegate.swift in Sources */,
				5BA92C82217241500075A314 /* SignUpViewController.swift in Sources */,
				5BA92C802172413E0075A314 /* SignInViewController.swift in Sources */,
			);
			runOnlyForDeploymentPostprocessing = 0;
		};
		5BA92C66217221620075A314 /* Sources */ = {
			isa = PBXSourcesBuildPhase;
			buildActionMask = 2147483647;
			files = (
				5BA92C6F217221620075A314 /* SakunomiTests.swift in Sources */,
			);
			runOnlyForDeploymentPostprocessing = 0;
		};
/* End PBXSourcesBuildPhase section */

/* Begin PBXTargetDependency section */
		5BA92C6C217221620075A314 /* PBXTargetDependency */ = {
			isa = PBXTargetDependency;
			target = 5BA92C552172215A0075A314 /* Sakunomi */;
			targetProxy = 5BA92C6B217221620075A314 /* PBXContainerItemProxy */;
		};
/* End PBXTargetDependency section */

/* Begin PBXVariantGroup section */
		5BA92C5D2172215B0075A314 /* Home.storyboard */ = {
			isa = PBXVariantGroup;
			children = (
				5BA92C5E2172215B0075A314 /* Base */,
			);
			name = Home.storyboard;
			sourceTree = "<group>";
		};
		5BA92C62217221620075A314 /* LaunchScreen.storyboard */ = {
			isa = PBXVariantGroup;
			children = (
				5BA92C63217221620075A314 /* Base */,
			);
			name = LaunchScreen.storyboard;
			sourceTree = "<group>";
		};
/* End PBXVariantGroup section */

/* Begin XCBuildConfiguration section */
		5BA92C71217221620075A314 /* Debug */ = {
			isa = XCBuildConfiguration;
			buildSettings = {
				ALWAYS_SEARCH_USER_PATHS = NO;
				CLANG_ANALYZER_NONNULL = YES;
				CLANG_ANALYZER_NUMBER_OBJECT_CONVERSION = YES_AGGRESSIVE;
				CLANG_CXX_LANGUAGE_STANDARD = "gnu++14";
				CLANG_CXX_LIBRARY = "libc++";
				CLANG_ENABLE_MODULES = YES;
				CLANG_ENABLE_OBJC_ARC = YES;
				CLANG_ENABLE_OBJC_WEAK = YES;
				CLANG_WARN_BLOCK_CAPTURE_AUTORELEASING = YES;
				CLANG_WARN_BOOL_CONVERSION = YES;
				CLANG_WARN_COMMA = YES;
				CLANG_WARN_CONSTANT_CONVERSION = YES;
				CLANG_WARN_DEPRECATED_OBJC_IMPLEMENTATIONS = YES;
				CLANG_WARN_DIRECT_OBJC_ISA_USAGE = YES_ERROR;
				CLANG_WARN_DOCUMENTATION_COMMENTS = YES;
				CLANG_WARN_EMPTY_BODY = YES;
				CLANG_WARN_ENUM_CONVERSION = YES;
				CLANG_WARN_INFINITE_RECURSION = YES;
				CLANG_WARN_INT_CONVERSION = YES;
				CLANG_WARN_NON_LITERAL_NULL_CONVERSION = YES;
				CLANG_WARN_OBJC_IMPLICIT_RETAIN_SELF = YES;
				CLANG_WARN_OBJC_LITERAL_CONVERSION = YES;
				CLANG_WARN_OBJC_ROOT_CLASS = YES_ERROR;
				CLANG_WARN_RANGE_LOOP_ANALYSIS = YES;
				CLANG_WARN_STRICT_PROTOTYPES = YES;
				CLANG_WARN_SUSPICIOUS_MOVE = YES;
				CLANG_WARN_UNGUARDED_AVAILABILITY = YES_AGGRESSIVE;
				CLANG_WARN_UNREACHABLE_CODE = YES;
				CLANG_WARN__DUPLICATE_METHOD_MATCH = YES;
				CODE_SIGN_IDENTITY = "iPhone Developer";
				COPY_PHASE_STRIP = NO;
				DEBUG_INFORMATION_FORMAT = dwarf;
				ENABLE_STRICT_OBJC_MSGSEND = YES;
				ENABLE_TESTABILITY = YES;
				GCC_C_LANGUAGE_STANDARD = gnu11;
				GCC_DYNAMIC_NO_PIC = NO;
				GCC_NO_COMMON_BLOCKS = YES;
				GCC_OPTIMIZATION_LEVEL = 0;
				GCC_PREPROCESSOR_DEFINITIONS = (
					"DEBUG=1",
					"$(inherited)",
				);
				GCC_WARN_64_TO_32_BIT_CONVERSION = YES;
				GCC_WARN_ABOUT_RETURN_TYPE = YES_ERROR;
				GCC_WARN_UNDECLARED_SELECTOR = YES;
				GCC_WARN_UNINITIALIZED_AUTOS = YES_AGGRESSIVE;
				GCC_WARN_UNUSED_FUNCTION = YES;
				GCC_WARN_UNUSED_VARIABLE = YES;
				IPHONEOS_DEPLOYMENT_TARGET = 11.4;
				MTL_ENABLE_DEBUG_INFO = YES;
				ONLY_ACTIVE_ARCH = YES;
				SDKROOT = iphoneos;
				SWIFT_ACTIVE_COMPILATION_CONDITIONS = DEBUG;
				SWIFT_OPTIMIZATION_LEVEL = "-Onone";
			};
			name = Debug;
		};
		5BA92C72217221620075A314 /* Release */ = {
			isa = XCBuildConfiguration;
			buildSettings = {
				ALWAYS_SEARCH_USER_PATHS = NO;
				CLANG_ANALYZER_NONNULL = YES;
				CLANG_ANALYZER_NUMBER_OBJECT_CONVERSION = YES_AGGRESSIVE;
				CLANG_CXX_LANGUAGE_STANDARD = "gnu++14";
				CLANG_CXX_LIBRARY = "libc++";
				CLANG_ENABLE_MODULES = YES;
				CLANG_ENABLE_OBJC_ARC = YES;
				CLANG_ENABLE_OBJC_WEAK = YES;
				CLANG_WARN_BLOCK_CAPTURE_AUTORELEASING = YES;
				CLANG_WARN_BOOL_CONVERSION = YES;
				CLANG_WARN_COMMA = YES;
				CLANG_WARN_CONSTANT_CONVERSION = YES;
				CLANG_WARN_DEPRECATED_OBJC_IMPLEMENTATIONS = YES;
				CLANG_WARN_DIRECT_OBJC_ISA_USAGE = YES_ERROR;
				CLANG_WARN_DOCUMENTATION_COMMENTS = YES;
				CLANG_WARN_EMPTY_BODY = YES;
				CLANG_WARN_ENUM_CONVERSION = YES;
				CLANG_WARN_INFINITE_RECURSION = YES;
				CLANG_WARN_INT_CONVERSION = YES;
				CLANG_WARN_NON_LITERAL_NULL_CONVERSION = YES;
				CLANG_WARN_OBJC_IMPLICIT_RETAIN_SELF = YES;
				CLANG_WARN_OBJC_LITERAL_CONVERSION = YES;
				CLANG_WARN_OBJC_ROOT_CLASS = YES_ERROR;
				CLANG_WARN_RANGE_LOOP_ANALYSIS = YES;
				CLANG_WARN_STRICT_PROTOTYPES = YES;
				CLANG_WARN_SUSPICIOUS_MOVE = YES;
				CLANG_WARN_UNGUARDED_AVAILABILITY = YES_AGGRESSIVE;
				CLANG_WARN_UNREACHABLE_CODE = YES;
				CLANG_WARN__DUPLICATE_METHOD_MATCH = YES;
				CODE_SIGN_IDENTITY = "iPhone Developer";
				COPY_PHASE_STRIP = NO;
				DEBUG_INFORMATION_FORMAT = "dwarf-with-dsym";
				ENABLE_NS_ASSERTIONS = NO;
				ENABLE_STRICT_OBJC_MSGSEND = YES;
				GCC_C_LANGUAGE_STANDARD = gnu11;
				GCC_NO_COMMON_BLOCKS = YES;
				GCC_WARN_64_TO_32_BIT_CONVERSION = YES;
				GCC_WARN_ABOUT_RETURN_TYPE = YES_ERROR;
				GCC_WARN_UNDECLARED_SELECTOR = YES;
				GCC_WARN_UNINITIALIZED_AUTOS = YES_AGGRESSIVE;
				GCC_WARN_UNUSED_FUNCTION = YES;
				GCC_WARN_UNUSED_VARIABLE = YES;
				IPHONEOS_DEPLOYMENT_TARGET = 11.4;
				MTL_ENABLE_DEBUG_INFO = NO;
				SDKROOT = iphoneos;
				SWIFT_COMPILATION_MODE = wholemodule;
				SWIFT_OPTIMIZATION_LEVEL = "-O";
				VALIDATE_PRODUCT = YES;
			};
			name = Release;
		};
		5BA92C74217221620075A314 /* Debug */ = {
			isa = XCBuildConfiguration;
			buildSettings = {
				ASSETCATALOG_COMPILER_APPICON_NAME = AppIcon;
				CODE_SIGN_STYLE = Automatic;
				DEVELOPMENT_TEAM = PGP7B8YQAS;
				INFOPLIST_FILE = Sakunomi/Info.plist;
				LD_RUNPATH_SEARCH_PATHS = (
					"$(inherited)",
					"@executable_path/Frameworks",
				);
				PRODUCT_BUNDLE_IDENTIFIER = com.IichiroKawashima.Sakunomi;
				PRODUCT_NAME = "$(TARGET_NAME)";
				SWIFT_VERSION = 4.0;
				TARGETED_DEVICE_FAMILY = "1,2";
			};
			name = Debug;
		};
		5BA92C75217221620075A314 /* Release */ = {
			isa = XCBuildConfiguration;
			buildSettings = {
				ASSETCATALOG_COMPILER_APPICON_NAME = AppIcon;
				CODE_SIGN_STYLE = Automatic;
				DEVELOPMENT_TEAM = PGP7B8YQAS;
				INFOPLIST_FILE = Sakunomi/Info.plist;
				LD_RUNPATH_SEARCH_PATHS = (
					"$(inherited)",
					"@executable_path/Frameworks",
				);
				PRODUCT_BUNDLE_IDENTIFIER = com.IichiroKawashima.Sakunomi;
				PRODUCT_NAME = "$(TARGET_NAME)";
				SWIFT_VERSION = 4.0;
				TARGETED_DEVICE_FAMILY = "1,2";
			};
			name = Release;
		};
		5BA92C77217221620075A314 /* Debug */ = {
			isa = XCBuildConfiguration;
			buildSettings = {
				ALWAYS_EMBED_SWIFT_STANDARD_LIBRARIES = YES;
				BUNDLE_LOADER = "$(TEST_HOST)";
				CODE_SIGN_STYLE = Automatic;
				DEVELOPMENT_TEAM = PGP7B8YQAS;
				INFOPLIST_FILE = SakunomiTests/Info.plist;
				LD_RUNPATH_SEARCH_PATHS = (
					"$(inherited)",
					"@executable_path/Frameworks",
					"@loader_path/Frameworks",
				);
				PRODUCT_BUNDLE_IDENTIFIER = com.IichiroKawashima.SakunomiTests;
				PRODUCT_NAME = "$(TARGET_NAME)";
				SWIFT_VERSION = 4.0;
				TARGETED_DEVICE_FAMILY = "1,2";
				TEST_HOST = "$(BUILT_PRODUCTS_DIR)/Sakunomi.app/Sakunomi";
			};
			name = Debug;
		};
		5BA92C78217221620075A314 /* Release */ = {
			isa = XCBuildConfiguration;
			buildSettings = {
				ALWAYS_EMBED_SWIFT_STANDARD_LIBRARIES = YES;
				BUNDLE_LOADER = "$(TEST_HOST)";
				CODE_SIGN_STYLE = Automatic;
				DEVELOPMENT_TEAM = PGP7B8YQAS;
				INFOPLIST_FILE = SakunomiTests/Info.plist;
				LD_RUNPATH_SEARCH_PATHS = (
					"$(inherited)",
					"@executable_path/Frameworks",
					"@loader_path/Frameworks",
				);
				PRODUCT_BUNDLE_IDENTIFIER = com.IichiroKawashima.SakunomiTests;
				PRODUCT_NAME = "$(TARGET_NAME)";
				SWIFT_VERSION = 4.0;
				TARGETED_DEVICE_FAMILY = "1,2";
				TEST_HOST = "$(BUILT_PRODUCTS_DIR)/Sakunomi.app/Sakunomi";
			};
			name = Release;
		};
/* End XCBuildConfiguration section */

/* Begin XCConfigurationList section */
		5BA92C512172215A0075A314 /* Build configuration list for PBXProject "Sakunomi" */ = {
			isa = XCConfigurationList;
			buildConfigurations = (
				5BA92C71217221620075A314 /* Debug */,
				5BA92C72217221620075A314 /* Release */,
			);
			defaultConfigurationIsVisible = 0;
			defaultConfigurationName = Release;
		};
		5BA92C73217221620075A314 /* Build configuration list for PBXNativeTarget "Sakunomi" */ = {
			isa = XCConfigurationList;
			buildConfigurations = (
				5BA92C74217221620075A314 /* Debug */,
				5BA92C75217221620075A314 /* Release */,
			);
			defaultConfigurationIsVisible = 0;
			defaultConfigurationName = Release;
		};
		5BA92C76217221620075A314 /* Build configuration list for PBXNativeTarget "SakunomiTests" */ = {
			isa = XCConfigurationList;
			buildConfigurations = (
				5BA92C77217221620075A314 /* Debug */,
				5BA92C78217221620075A314 /* Release */,
			);
			defaultConfigurationIsVisible = 0;
			defaultConfigurationName = Release;
		};
/* End XCConfigurationList section */
	};
	rootObject = 5BA92C4E2172215A0075A314 /* Project object */;
}
